// !$*UTF8*$!
{
	archiveVersion = 1;
	classes = {
	};
	objectVersion = 77;
	objects = {

/* Begin PBXBuildFile section */
		E93042E52D7297B300A9D65D /* wrongHangulChecker.mlpackage in Sources */ = {isa = PBXBuildFile; fileRef = E93042E42D7297B300A9D65D /* wrongHangulChecker.mlpackage */; };
/* End PBXBuildFile section */

/* Begin PBXContainerItemProxy section */
		E93042892D71C6DF00A9D65D /* PBXContainerItemProxy */ = {
			isa = PBXContainerItemProxy;
			containerPortal = E930426F2D71C6DD00A9D65D /* Project object */;
			proxyType = 1;
			remoteGlobalIDString = E93042762D71C6DD00A9D65D;
			remoteInfo = AutoHangulEnglish;
		};
		E93042932D71C6DF00A9D65D /* PBXContainerItemProxy */ = {
			isa = PBXContainerItemProxy;
			containerPortal = E930426F2D71C6DD00A9D65D /* Project object */;
			proxyType = 1;
			remoteGlobalIDString = E93042762D71C6DD00A9D65D;
			remoteInfo = AutoHangulEnglish;
		};
/* End PBXContainerItemProxy section */

/* Begin PBXFileReference section */
		E93042772D71C6DD00A9D65D /* AutoHangulEnglish.app */ = {isa = PBXFileReference; explicitFileType = wrapper.application; includeInIndex = 0; path = AutoHangulEnglish.app; sourceTree = BUILT_PRODUCTS_DIR; };
		E93042882D71C6DF00A9D65D /* AutoHangulEnglishTests.xctest */ = {isa = PBXFileReference; explicitFileType = wrapper.cfbundle; includeInIndex = 0; path = AutoHangulEnglishTests.xctest; sourceTree = BUILT_PRODUCTS_DIR; };
		E93042922D71C6DF00A9D65D /* AutoHangulEnglishUITests.xctest */ = {isa = PBXFileReference; explicitFileType = wrapper.cfbundle; includeInIndex = 0; path = AutoHangulEnglishUITests.xctest; sourceTree = BUILT_PRODUCTS_DIR; };
		E93042E42D7297B300A9D65D /* wrongHangulChecker.mlpackage */ = {isa = PBXFileReference; lastKnownFileType = folder.mlpackage; path = wrongHangulChecker.mlpackage; sourceTree = "<group>"; };
/* End PBXFileReference section */

/* Begin PBXFileSystemSynchronizedBuildFileExceptionSet section */
		E93042A92D71C73400A9D65D /* Exceptions for "AutoHangulEnglish" folder in "AutoHangulEnglish" target */ = {
			isa = PBXFileSystemSynchronizedBuildFileExceptionSet;
			membershipExceptions = (
				Info.plist,
				wrongHangulChecker.mlpackage,
			);
			target = E93042762D71C6DD00A9D65D /* AutoHangulEnglish */;
		};
/* End PBXFileSystemSynchronizedBuildFileExceptionSet section */

/* Begin PBXFileSystemSynchronizedRootGroup section */
		E93042792D71C6DD00A9D65D /* AutoHangulEnglish */ = {
			isa = PBXFileSystemSynchronizedRootGroup;
			exceptions = (
				E93042A92D71C73400A9D65D /* Exceptions for "AutoHangulEnglish" folder in "AutoHangulEnglish" target */,
			);
			path = AutoHangulEnglish;
			sourceTree = "<group>";
		};
		E930428B2D71C6DF00A9D65D /* AutoHangulEnglishTests */ = {
			isa = PBXFileSystemSynchronizedRootGroup;
			path = AutoHangulEnglishTests;
			sourceTree = "<group>";
		};
		E93042952D71C6DF00A9D65D /* AutoHangulEnglishUITests */ = {
			isa = PBXFileSystemSynchronizedRootGroup;
			path = AutoHangulEnglishUITests;
			sourceTree = "<group>";
		};
		E93042B72D727C1700A9D65D /* model.mlpackage */ = {
			isa = PBXFileSystemSynchronizedRootGroup;
			path = model.mlpackage;
			sourceTree = "<group>";
		};
/* End PBXFileSystemSynchronizedRootGroup section */

/* Begin PBXFrameworksBuildPhase section */
		E93042742D71C6DD00A9D65D /* Frameworks */ = {
			isa = PBXFrameworksBuildPhase;
			buildActionMask = 2147483647;
			files = (
			);
			runOnlyForDeploymentPostprocessing = 0;
		};
		E93042852D71C6DF00A9D65D /* Frameworks */ = {
			isa = PBXFrameworksBuildPhase;
			buildActionMask = 2147483647;
			files = (
			);
			runOnlyForDeploymentPostprocessing = 0;
		};
		E930428F2D71C6DF00A9D65D /* Frameworks */ = {
			isa = PBXFrameworksBuildPhase;
			buildActionMask = 2147483647;
			files = (
			);
			runOnlyForDeploymentPostprocessing = 0;
		};
/* End PBXFrameworksBuildPhase section */

/* Begin PBXGroup section */
		E930426E2D71C6DD00A9D65D = {
			isa = PBXGroup;
			children = (
				E93042E42D7297B300A9D65D /* wrongHangulChecker.mlpackage */,
				E93042B72D727C1700A9D65D /* model.mlpackage */,
				E93042792D71C6DD00A9D65D /* AutoHangulEnglish */,
				E930428B2D71C6DF00A9D65D /* AutoHangulEnglishTests */,
				E93042952D71C6DF00A9D65D /* AutoHangulEnglishUITests */,
				E93042782D71C6DD00A9D65D /* Products */,
			);
			sourceTree = "<group>";
		};
		E93042782D71C6DD00A9D65D /* Products */ = {
			isa = PBXGroup;
			children = (
				E93042772D71C6DD00A9D65D /* AutoHangulEnglish.app */,
				E93042882D71C6DF00A9D65D /* AutoHangulEnglishTests.xctest */,
				E93042922D71C6DF00A9D65D /* AutoHangulEnglishUITests.xctest */,
			);
			name = Products;
			sourceTree = "<group>";
		};
/* End PBXGroup section */

/* Begin PBXNativeTarget section */
		E93042762D71C6DD00A9D65D /* AutoHangulEnglish */ = {
			isa = PBXNativeTarget;
			buildConfigurationList = E930429C2D71C6DF00A9D65D /* Build configuration list for PBXNativeTarget "AutoHangulEnglish" */;
			buildPhases = (
				E93042732D71C6DD00A9D65D /* Sources */,
				E93042742D71C6DD00A9D65D /* Frameworks */,
				E93042752D71C6DD00A9D65D /* Resources */,
			);
			buildRules = (
			);
			dependencies = (
			);
			fileSystemSynchronizedGroups = (
				E93042792D71C6DD00A9D65D /* AutoHangulEnglish */,
				E93042B72D727C1700A9D65D /* model.mlpackage */,
			);
			name = AutoHangulEnglish;
			packageProductDependencies = (
			);
			productName = AutoHangulEnglish;
			productReference = E93042772D71C6DD00A9D65D /* AutoHangulEnglish.app */;
			productType = "com.apple.product-type.application";
		};
		E93042872D71C6DF00A9D65D /* AutoHangulEnglishTests */ = {
			isa = PBXNativeTarget;
			buildConfigurationList = E930429F2D71C6DF00A9D65D /* Build configuration list for PBXNativeTarget "AutoHangulEnglishTests" */;
			buildPhases = (
				E93042842D71C6DF00A9D65D /* Sources */,
				E93042852D71C6DF00A9D65D /* Frameworks */,
				E93042862D71C6DF00A9D65D /* Resources */,
			);
			buildRules = (
			);
			dependencies = (
				E930428A2D71C6DF00A9D65D /* PBXTargetDependency */,
			);
			fileSystemSynchronizedGroups = (
				E930428B2D71C6DF00A9D65D /* AutoHangulEnglishTests */,
			);
			name = AutoHangulEnglishTests;
			packageProductDependencies = (
			);
			productName = AutoHangulEnglishTests;
			productReference = E93042882D71C6DF00A9D65D /* AutoHangulEnglishTests.xctest */;
			productType = "com.apple.product-type.bundle.unit-test";
		};
		E93042912D71C6DF00A9D65D /* AutoHangulEnglishUITests */ = {
			isa = PBXNativeTarget;
			buildConfigurationList = E93042A22D71C6DF00A9D65D /* Build configuration list for PBXNativeTarget "AutoHangulEnglishUITests" */;
			buildPhases = (
				E930428E2D71C6DF00A9D65D /* Sources */,
				E930428F2D71C6DF00A9D65D /* Frameworks */,
				E93042902D71C6DF00A9D65D /* Resources */,
			);
			buildRules = (
			);
			dependencies = (
				E93042942D71C6DF00A9D65D /* PBXTargetDependency */,
			);
			fileSystemSynchronizedGroups = (
				E93042952D71C6DF00A9D65D /* AutoHangulEnglishUITests */,
			);
			name = AutoHangulEnglishUITests;
			packageProductDependencies = (
			);
			productName = AutoHangulEnglishUITests;
			productReference = E93042922D71C6DF00A9D65D /* AutoHangulEnglishUITests.xctest */;
			productType = "com.apple.product-type.bundle.ui-testing";
		};
/* End PBXNativeTarget section */

/* Begin PBXProject section */
		E930426F2D71C6DD00A9D65D /* Project object */ = {
			isa = PBXProject;
			attributes = {
				BuildIndependentTargetsInParallel = 1;
				LastSwiftUpdateCheck = 1620;
				LastUpgradeCheck = 1620;
				TargetAttributes = {
					E93042762D71C6DD00A9D65D = {
						CreatedOnToolsVersion = 16.2;
						LastSwiftMigration = 1620;
					};
					E93042872D71C6DF00A9D65D = {
						CreatedOnToolsVersion = 16.2;
						TestTargetID = E93042762D71C6DD00A9D65D;
					};
					E93042912D71C6DF00A9D65D = {
						CreatedOnToolsVersion = 16.2;
						TestTargetID = E93042762D71C6DD00A9D65D;
					};
				};
			};
			buildConfigurationList = E93042722D71C6DD00A9D65D /* Build configuration list for PBXProject "AutoHangulEnglish" */;
			developmentRegion = en;
			hasScannedForEncodings = 0;
			knownRegions = (
				en,
				Base,
			);
			mainGroup = E930426E2D71C6DD00A9D65D;
			minimizedProjectReferenceProxies = 1;
			preferredProjectObjectVersion = 77;
			productRefGroup = E93042782D71C6DD00A9D65D /* Products */;
			projectDirPath = "";
			projectRoot = "";
			targets = (
				E93042762D71C6DD00A9D65D /* AutoHangulEnglish */,
				E93042872D71C6DF00A9D65D /* AutoHangulEnglishTests */,
				E93042912D71C6DF00A9D65D /* AutoHangulEnglishUITests */,
			);
		};
/* End PBXProject section */

/* Begin PBXResourcesBuildPhase section */
		E93042752D71C6DD00A9D65D /* Resources */ = {
			isa = PBXResourcesBuildPhase;
			buildActionMask = 2147483647;
			files = (
			);
			runOnlyForDeploymentPostprocessing = 0;
		};
		E93042862D71C6DF00A9D65D /* Resources */ = {
			isa = PBXResourcesBuildPhase;
			buildActionMask = 2147483647;
			files = (
			);
			runOnlyForDeploymentPostprocessing = 0;
		};
		E93042902D71C6DF00A9D65D /* Resources */ = {
			isa = PBXResourcesBuildPhase;
			buildActionMask = 2147483647;
			files = (
			);
			runOnlyForDeploymentPostprocessing = 0;
		};
/* End PBXResourcesBuildPhase section */

/* Begin PBXSourcesBuildPhase section */
		E93042732D71C6DD00A9D65D /* Sources */ = {
			isa = PBXSourcesBuildPhase;
			buildActionMask = 2147483647;
			files = (
				E93042E52D7297B300A9D65D /* wrongHangulChecker.mlpackage in Sources */,
			);
			runOnlyForDeploymentPostprocessing = 0;
		};
		E93042842D71C6DF00A9D65D /* Sources */ = {
			isa = PBXSourcesBuildPhase;
			buildActionMask = 2147483647;
			files = (
			);
			runOnlyForDeploymentPostprocessing = 0;
		};
		E930428E2D71C6DF00A9D65D /* Sources */ = {
			isa = PBXSourcesBuildPhase;
			buildActionMask = 2147483647;
			files = (
			);
			runOnlyForDeploymentPostprocessing = 0;
		};
/* End PBXSourcesBuildPhase section */

/* Begin PBXTargetDependency section */
		E930428A2D71C6DF00A9D65D /* PBXTargetDependency */ = {
			isa = PBXTargetDependency;
			target = E93042762D71C6DD00A9D65D /* AutoHangulEnglish */;
			targetProxy = E93042892D71C6DF00A9D65D /* PBXContainerItemProxy */;
		};
		E93042942D71C6DF00A9D65D /* PBXTargetDependency */ = {
			isa = PBXTargetDependency;
			target = E93042762D71C6DD00A9D65D /* AutoHangulEnglish */;
			targetProxy = E93042932D71C6DF00A9D65D /* PBXContainerItemProxy */;
		};
/* End PBXTargetDependency section */

/* Begin XCBuildConfiguration section */
		E930429A2D71C6DF00A9D65D /* Debug */ = {
			isa = XCBuildConfiguration;
			buildSettings = {
				ALWAYS_SEARCH_USER_PATHS = NO;
				ASSETCATALOG_COMPILER_GENERATE_SWIFT_ASSET_SYMBOL_EXTENSIONS = YES;
				CLANG_ANALYZER_NONNULL = YES;
				CLANG_ANALYZER_NUMBER_OBJECT_CONVERSION = YES_AGGRESSIVE;
				CLANG_CXX_LANGUAGE_STANDARD = "gnu++20";
				CLANG_ENABLE_MODULES = YES;
				CLANG_ENABLE_OBJC_ARC = YES;
				CLANG_ENABLE_OBJC_WEAK = YES;
				CLANG_WARN_BLOCK_CAPTURE_AUTORELEASING = YES;
				CLANG_WARN_BOOL_CONVERSION = YES;
				CLANG_WARN_COMMA = YES;
				CLANG_WARN_CONSTANT_CONVERSION = YES;
				CLANG_WARN_DEPRECATED_OBJC_IMPLEMENTATIONS = YES;
				CLANG_WARN_DIRECT_OBJC_ISA_USAGE = YES_ERROR;
				CLANG_WARN_DOCUMENTATION_COMMENTS = YES;
				CLANG_WARN_EMPTY_BODY = YES;
				CLANG_WARN_ENUM_CONVERSION = YES;
				CLANG_WARN_INFINITE_RECURSION = YES;
				CLANG_WARN_INT_CONVERSION = YES;
				CLANG_WARN_NON_LITERAL_NULL_CONVERSION = YES;
				CLANG_WARN_OBJC_IMPLICIT_RETAIN_SELF = YES;
				CLANG_WARN_OBJC_LITERAL_CONVERSION = YES;
				CLANG_WARN_OBJC_ROOT_CLASS = YES_ERROR;
				CLANG_WARN_QUOTED_INCLUDE_IN_FRAMEWORK_HEADER = YES;
				CLANG_WARN_RANGE_LOOP_ANALYSIS = YES;
				CLANG_WARN_STRICT_PROTOTYPES = YES;
				CLANG_WARN_SUSPICIOUS_MOVE = YES;
				CLANG_WARN_UNGUARDED_AVAILABILITY = YES_AGGRESSIVE;
				CLANG_WARN_UNREACHABLE_CODE = YES;
				CLANG_WARN__DUPLICATE_METHOD_MATCH = YES;
				COPY_PHASE_STRIP = NO;
				DEBUG_INFORMATION_FORMAT = dwarf;
				ENABLE_STRICT_OBJC_MSGSEND = YES;
				ENABLE_TESTABILITY = YES;
				ENABLE_USER_SCRIPT_SANDBOXING = YES;
				GCC_C_LANGUAGE_STANDARD = gnu17;
				GCC_DYNAMIC_NO_PIC = NO;
				GCC_NO_COMMON_BLOCKS = YES;
				GCC_OPTIMIZATION_LEVEL = 0;
				GCC_PREPROCESSOR_DEFINITIONS = (
					"DEBUG=1",
					"$(inherited)",
				);
				GCC_WARN_64_TO_32_BIT_CONVERSION = YES;
				GCC_WARN_ABOUT_RETURN_TYPE = YES_ERROR;
				GCC_WARN_UNDECLARED_SELECTOR = YES;
				GCC_WARN_UNINITIALIZED_AUTOS = YES_AGGRESSIVE;
				GCC_WARN_UNUSED_FUNCTION = YES;
				GCC_WARN_UNUSED_VARIABLE = YES;
				LOCALIZATION_PREFERS_STRING_CATALOGS = YES;
				MACOSX_DEPLOYMENT_TARGET = 15.2;
				MTL_ENABLE_DEBUG_INFO = INCLUDE_SOURCE;
				MTL_FAST_MATH = YES;
				ONLY_ACTIVE_ARCH = YES;
				SDKROOT = macosx;
				SWIFT_ACTIVE_COMPILATION_CONDITIONS = "DEBUG $(inherited)";
				SWIFT_OPTIMIZATION_LEVEL = "-Onone";
			};
			name = Debug;
		};
		E930429B2D71C6DF00A9D65D /* Release */ = {
			isa = XCBuildConfiguration;
			buildSettings = {
				ALWAYS_SEARCH_USER_PATHS = NO;
				ASSETCATALOG_COMPILER_GENERATE_SWIFT_ASSET_SYMBOL_EXTENSIONS = YES;
				CLANG_ANALYZER_NONNULL = YES;
				CLANG_ANALYZER_NUMBER_OBJECT_CONVERSION = YES_AGGRESSIVE;
				CLANG_CXX_LANGUAGE_STANDARD = "gnu++20";
				CLANG_ENABLE_MODULES = YES;
				CLANG_ENABLE_OBJC_ARC = YES;
				CLANG_ENABLE_OBJC_WEAK = YES;
				CLANG_WARN_BLOCK_CAPTURE_AUTORELEASING = YES;
				CLANG_WARN_BOOL_CONVERSION = YES;
				CLANG_WARN_COMMA = YES;
				CLANG_WARN_CONSTANT_CONVERSION = YES;
				CLANG_WARN_DEPRECATED_OBJC_IMPLEMENTATIONS = YES;
				CLANG_WARN_DIRECT_OBJC_ISA_USAGE = YES_ERROR;
				CLANG_WARN_DOCUMENTATION_COMMENTS = YES;
				CLANG_WARN_EMPTY_BODY = YES;
				CLANG_WARN_ENUM_CONVERSION = YES;
				CLANG_WARN_INFINITE_RECURSION = YES;
				CLANG_WARN_INT_CONVERSION = YES;
				CLANG_WARN_NON_LITERAL_NULL_CONVERSION = YES;
				CLANG_WARN_OBJC_IMPLICIT_RETAIN_SELF = YES;
				CLANG_WARN_OBJC_LITERAL_CONVERSION = YES;
				CLANG_WARN_OBJC_ROOT_CLASS = YES_ERROR;
				CLANG_WARN_QUOTED_INCLUDE_IN_FRAMEWORK_HEADER = YES;
				CLANG_WARN_RANGE_LOOP_ANALYSIS = YES;
				CLANG_WARN_STRICT_PROTOTYPES = YES;
				CLANG_WARN_SUSPICIOUS_MOVE = YES;
				CLANG_WARN_UNGUARDED_AVAILABILITY = YES_AGGRESSIVE;
				CLANG_WARN_UNREACHABLE_CODE = YES;
				CLANG_WARN__DUPLICATE_METHOD_MATCH = YES;
				COPY_PHASE_STRIP = NO;
				DEBUG_INFORMATION_FORMAT = "dwarf-with-dsym";
				ENABLE_NS_ASSERTIONS = NO;
				ENABLE_STRICT_OBJC_MSGSEND = YES;
				ENABLE_USER_SCRIPT_SANDBOXING = YES;
				GCC_C_LANGUAGE_STANDARD = gnu17;
				GCC_NO_COMMON_BLOCKS = YES;
				GCC_WARN_64_TO_32_BIT_CONVERSION = YES;
				GCC_WARN_ABOUT_RETURN_TYPE = YES_ERROR;
				GCC_WARN_UNDECLARED_SELECTOR = YES;
				GCC_WARN_UNINITIALIZED_AUTOS = YES_AGGRESSIVE;
				GCC_WARN_UNUSED_FUNCTION = YES;
				GCC_WARN_UNUSED_VARIABLE = YES;
				LOCALIZATION_PREFERS_STRING_CATALOGS = YES;
				MACOSX_DEPLOYMENT_TARGET = 15.2;
				MTL_ENABLE_DEBUG_INFO = NO;
				MTL_FAST_MATH = YES;
				SDKROOT = macosx;
				SWIFT_COMPILATION_MODE = wholemodule;
			};
			name = Release;
		};
		E930429D2D71C6DF00A9D65D /* Debug */ = {
			isa = XCBuildConfiguration;
			buildSettings = {
				ASSETCATALOG_COMPILER_APPICON_NAME = AppIcon;
				ASSETCATALOG_COMPILER_GLOBAL_ACCENT_COLOR_NAME = AccentColor;
				CLANG_ENABLE_MODULES = YES;
				CODE_SIGN_ENTITLEMENTS = AutoHangulEnglish/AutoHangulEnglish.entitlements;
				CODE_SIGN_STYLE = Automatic;
				COMBINE_HIDPI_IMAGES = YES;
				COREML_CODEGEN_SWIFT_GLOBAL_MODULE = YES;
				CURRENT_PROJECT_VERSION = 1;
				DEVELOPMENT_ASSET_PATHS = "\"AutoHangulEnglish/Preview Content\"";
				DEVELOPMENT_TEAM = 3HCXK2TVZ7;
				ENABLE_HARDENED_RUNTIME = YES;
				ENABLE_PREVIEWS = YES;
				GENERATE_INFOPLIST_FILE = YES;
				INFOPLIST_FILE = AutoHangulEnglish/Info.plist;
				INFOPLIST_KEY_LSUIElement = YES;
				INFOPLIST_KEY_NSHumanReadableCopyright = "";
				LD_RUNPATH_SEARCH_PATHS = (
					"$(inherited)",
					"@executable_path/../Frameworks",
				);
				MARKETING_VERSION = 1.0;
				PRODUCT_BUNDLE_IDENTIFIER = Yangwha.AutoHangulEnglish;
				PRODUCT_NAME = "$(TARGET_NAME)";
				SWIFT_EMIT_LOC_STRINGS = YES;
				SWIFT_OPTIMIZATION_LEVEL = "-Onone";
				SWIFT_VERSION = 5.0;
			};
			name = Debug;
		};
		E930429E2D71C6DF00A9D65D /* Release */ = {
			isa = XCBuildConfiguration;
			buildSettings = {
				ASSETCATALOG_COMPILER_APPICON_NAME = AppIcon;
				ASSETCATALOG_COMPILER_GLOBAL_ACCENT_COLOR_NAME = AccentColor;
				CLANG_ENABLE_MODULES = YES;
				CODE_SIGN_ENTITLEMENTS = AutoHangulEnglish/AutoHangulEnglish.entitlements;
				CODE_SIGN_STYLE = Automatic;
				COMBINE_HIDPI_IMAGES = YES;
				COREML_CODEGEN_SWIFT_GLOBAL_MODULE = YES;
				CURRENT_PROJECT_VERSION = 1;
				DEVELOPMENT_ASSET_PATHS = "\"AutoHangulEnglish/Preview Content\"";
				DEVELOPMENT_TEAM = 3HCXK2TVZ7;
				ENABLE_HARDENED_RUNTIME = YES;
				ENABLE_PREVIEWS = YES;
				GENERATE_INFOPLIST_FILE = YES;
				INFOPLIST_FILE = AutoHangulEnglish/Info.plist;
				INFOPLIST_KEY_LSUIElement = YES;
				INFOPLIST_KEY_NSHumanReadableCopyright = "";
				LD_RUNPATH_SEARCH_PATHS = (
					"$(inherited)",
					"@executable_path/../Frameworks",
				);
				MARKETING_VERSION = 1.0;
				PRODUCT_BUNDLE_IDENTIFIER = Yangwha.AutoHangulEnglish;
				PRODUCT_NAME = "$(TARGET_NAME)";
				SWIFT_EMIT_LOC_STRINGS = YES;
				SWIFT_VERSION = 5.0;
			};
			name = Release;
		};
		E93042A02D71C6DF00A9D65D /* Debug */ = {
			isa = XCBuildConfiguration;
			buildSettings = {
				BUNDLE_LOADER = "$(TEST_HOST)";
				CODE_SIGN_STYLE = Automatic;
				CURRENT_PROJECT_VERSION = 1;
				DEVELOPMENT_TEAM = 3HCXK2TVZ7;
				GENERATE_INFOPLIST_FILE = YES;
				MACOSX_DEPLOYMENT_TARGET = 15.2;
				MARKETING_VERSION = 1.0;
				PRODUCT_BUNDLE_IDENTIFIER = Yangwha.AutoHangulEnglishTests;
				PRODUCT_NAME = "$(TARGET_NAME)";
				SWIFT_EMIT_LOC_STRINGS = NO;
				SWIFT_VERSION = 5.0;
				TEST_HOST = "$(BUILT_PRODUCTS_DIR)/AutoHangulEnglish.app/$(BUNDLE_EXECUTABLE_FOLDER_PATH)/AutoHangulEnglish";
			};
			name = Debug;
		};
		E93042A12D71C6DF00A9D65D /* Release */ = {
			isa = XCBuildConfiguration;
			buildSettings = {
				BUNDLE_LOADER = "$(TEST_HOST)";
				CODE_SIGN_STYLE = Automatic;
				CURRENT_PROJECT_VERSION = 1;
				DEVELOPMENT_TEAM = 3HCXK2TVZ7;
				GENERATE_INFOPLIST_FILE = YES;
				MACOSX_DEPLOYMENT_TARGET = 15.2;
				MARKETING_VERSION = 1.0;
				PRODUCT_BUNDLE_IDENTIFIER = Yangwha.AutoHangulEnglishTests;
				PRODUCT_NAME = "$(TARGET_NAME)";
				SWIFT_EMIT_LOC_STRINGS = NO;
				SWIFT_VERSION = 5.0;
				TEST_HOST = "$(BUILT_PRODUCTS_DIR)/AutoHangulEnglish.app/$(BUNDLE_EXECUTABLE_FOLDER_PATH)/AutoHangulEnglish";
			};
			name = Release;
		};
		E93042A32D71C6DF00A9D65D /* Debug */ = {
			isa = XCBuildConfiguration;
			buildSettings = {
				CODE_SIGN_STYLE = Automatic;
				CURRENT_PROJECT_VERSION = 1;
				DEVELOPMENT_TEAM = 3HCXK2TVZ7;
				GENERATE_INFOPLIST_FILE = YES;
				MARKETING_VERSION = 1.0;
				PRODUCT_BUNDLE_IDENTIFIER = Yangwha.AutoHangulEnglishUITests;
				PRODUCT_NAME = "$(TARGET_NAME)";
				SWIFT_EMIT_LOC_STRINGS = NO;
				SWIFT_VERSION = 5.0;
				TEST_TARGET_NAME = AutoHangulEnglish;
			};
			name = Debug;
		};
		E93042A42D71C6DF00A9D65D /* Release */ = {
			isa = XCBuildConfiguration;
			buildSettings = {
				CODE_SIGN_STYLE = Automatic;
				CURRENT_PROJECT_VERSION = 1;
				DEVELOPMENT_TEAM = 3HCXK2TVZ7;
				GENERATE_INFOPLIST_FILE = YES;
				MARKETING_VERSION = 1.0;
				PRODUCT_BUNDLE_IDENTIFIER = Yangwha.AutoHangulEnglishUITests;
				PRODUCT_NAME = "$(TARGET_NAME)";
				SWIFT_EMIT_LOC_STRINGS = NO;
				SWIFT_VERSION = 5.0;
				TEST_TARGET_NAME = AutoHangulEnglish;
			};
			name = Release;
		};
/* End XCBuildConfiguration section */

/* Begin XCConfigurationList section */
		E93042722D71C6DD00A9D65D /* Build configuration list for PBXProject "AutoHangulEnglish" */ = {
			isa = XCConfigurationList;
			buildConfigurations = (
				E930429A2D71C6DF00A9D65D /* Debug */,
				E930429B2D71C6DF00A9D65D /* Release */,
			);
			defaultConfigurationIsVisible = 0;
			defaultConfigurationName = Release;
		};
		E930429C2D71C6DF00A9D65D /* Build configuration list for PBXNativeTarget "AutoHangulEnglish" */ = {
			isa = XCConfigurationList;
			buildConfigurations = (
				E930429D2D71C6DF00A9D65D /* Debug */,
				E930429E2D71C6DF00A9D65D /* Release */,
			);
			defaultConfigurationIsVisible = 0;
			defaultConfigurationName = Release;
		};
		E930429F2D71C6DF00A9D65D /* Build configuration list for PBXNativeTarget "AutoHangulEnglishTests" */ = {
			isa = XCConfigurationList;
			buildConfigurations = (
				E93042A02D71C6DF00A9D65D /* Debug */,
				E93042A12D71C6DF00A9D65D /* Release */,
			);
			defaultConfigurationIsVisible = 0;
			defaultConfigurationName = Release;
		};
		E93042A22D71C6DF00A9D65D /* Build configuration list for PBXNativeTarget "AutoHangulEnglishUITests" */ = {
			isa = XCConfigurationList;
			buildConfigurations = (
				E93042A32D71C6DF00A9D65D /* Debug */,
				E93042A42D71C6DF00A9D65D /* Release */,
			);
			defaultConfigurationIsVisible = 0;
			defaultConfigurationName = Release;
		};
/* End XCConfigurationList section */
	};
	rootObject = E930426F2D71C6DD00A9D65D /* Project object */;
}
